NeoBundleLock ctrlp.vim 58247bdf8550879e183c13860eefa03983959e4a
NeoBundleLock neobundle.vim 6f864288a1f559cc3128f828828e4180d9485935
NeoBundleLock neosnippet-snippets 7bc1674170670a4c43f7f4fc65e0e396759512ea
NeoBundleLock neosnippet.vim 1617094a8c9df36d9a505f533b3a2efa44039412
NeoBundleLock vim-colorschemes 28a989b28457e38df620e4c7ab23e224aff70efe
NeoBundleLock vim-fugitive b7b23001def8d2ae816ff6dd772cd50976189e0e
NeoBundleLock vimshell 3787e52766812d8b99a93ccdda57517bc2a0bab6
